
Microsoft Visual Studio Solution File, Format Version 12.00
# Visual Studio Version 16
VisualStudioVersion = 16.0.30413.136
MinimumVisualStudioVersion = 10.0.40219.1
Project("{8BC9CEB8-8B4A-11D0-8D11-00A0C91BC942}") = "SK_Statement_switch-Bag1__C", "SK_Statement_switch-Bag1__C.vcxproj", "{76FFC53C-7368-4505-9891-CAEB97515D4A}"
EndProject
Global
	GlobalSection(SolutionConfigurationPlatforms) = preSolution
		Debug|x64 = Debug|x64
		Debug|x86 = Debug|x86
		Release|x64 = Release|x64
		Release|x86 = Release|x86
	EndGlobalSection
	GlobalSection(ProjectConfigurationPlatforms) = postSolution
		{76FFC53C-7368-4505-9891-CAEB97515D4A}.Debug|x64.ActiveCfg = Debug|x64
		{76FFC53C-7368-4505-9891-CAEB97515D4A}.Debug|x64.Build.0 = Debug|x64
		{76FFC53C-7368-4505-9891-CAEB97515D4A}.Debug|x86.ActiveCfg = Debug|Win32
		{76FFC53C-7368-4505-9891-CAEB97515D4A}.Debug|x86.Build.0 = Debug|Win32
		{76FFC53C-7368-4505-9891-CAEB97515D4A}.Release|x64.ActiveCfg = Release|x64
		{76FFC53C-7368-4505-9891-CAEB97515D4A}.Release|x64.Build.0 = Release|x64
		{76FFC53C-7368-4505-9891-CAEB97515D4A}.Release|x86.ActiveCfg = Release|Win32
		{76FFC53C-7368-4505-9891-CAEB97515D4A}.Release|x86.Build.0 = Release|Win32
	EndGlobalSection
	GlobalSection(SolutionProperties) = preSolution
		HideSolutionNode = FALSE
	EndGlobalSection
	GlobalSection(ExtensibilityGlobals) = postSolution
		SolutionGuid = {67151737-0838-453D-9598-31167CA9499D}
	EndGlobalSection
EndGlobal
